
Microsoft Visual Studio Solution File, Format Version 12.00
Project("{FAE04EC0-301F-11D3-BF4B-00C04F79EFBC}") = "ExampleAutofac", "ExampleAutofac\ExampleAutofac.csproj", "{DFFB59E7-D296-4E34-8BF6-77E9DB60553D}"
EndProject
Project("{FAE04EC0-301F-11D3-BF4B-00C04F79EFBC}") = "AutofacDiagnostics", "AutofacDiagnostics\AutofacDiagnostics.csproj", "{E2CD8A60-1FB1-469A-AC1F-F7587378CBBE}"
EndProject
Global
	GlobalSection(SolutionConfigurationPlatforms) = preSolution
		Debug|Any CPU = Debug|Any CPU
		Release|Any CPU = Release|Any CPU
	EndGlobalSection
	GlobalSection(ProjectConfigurationPlatforms) = postSolution
		{DFFB59E7-D296-4E34-8BF6-77E9DB60553D}.Debug|Any CPU.ActiveCfg = Debug|Any CPU
		{DFFB59E7-D296-4E34-8BF6-77E9DB60553D}.Debug|Any CPU.Build.0 = Debug|Any CPU
		{DFFB59E7-D296-4E34-8BF6-77E9DB60553D}.Release|Any CPU.ActiveCfg = Release|Any CPU
		{DFFB59E7-D296-4E34-8BF6-77E9DB60553D}.Release|Any CPU.Build.0 = Release|Any CPU
		{E2CD8A60-1FB1-469A-AC1F-F7587378CBBE}.Debug|Any CPU.ActiveCfg = Debug|Any CPU
		{E2CD8A60-1FB1-469A-AC1F-F7587378CBBE}.Debug|Any CPU.Build.0 = Debug|Any CPU
		{E2CD8A60-1FB1-469A-AC1F-F7587378CBBE}.Release|Any CPU.ActiveCfg = Release|Any CPU
		{E2CD8A60-1FB1-469A-AC1F-F7587378CBBE}.Release|Any CPU.Build.0 = Release|Any CPU
	EndGlobalSection
EndGlobal
